
Microsoft Visual Studio Solution File, Format Version 12.00
# Visual Studio Version 16
VisualStudioVersion = 16.0.30711.63
MinimumVisualStudioVersion = 10.0.40219.1
Project("{9A19103F-16F7-4668-BE54-9A1E7A4F7556}") = "Torpedo.Application", "Torpedo.Application\Torpedo.Application.csproj", "{67F44C52-AAD4-42CB-AC68-981D3D3742A7}"
EndProject
Project("{9A19103F-16F7-4668-BE54-9A1E7A4F7556}") = "Torpedo.Bot", "Torpedo.Bot\Torpedo.Bot.csproj", "{F81DDC37-5474-43C2-B3ED-023EA7794435}"
EndProject
Project("{9A19103F-16F7-4668-BE54-9A1E7A4F7556}") = "Torpedo.VideoConverter", "Torpedo.VideoConverter\Torpedo.VideoConverter.csproj", "{B9A3511C-3521-42D1-B9FF-ED4406A79F36}"
EndProject
Global
	GlobalSection(SolutionConfigurationPlatforms) = preSolution
		Debug|Any CPU = Debug|Any CPU
		Release|Any CPU = Release|Any CPU
	EndGlobalSection
	GlobalSection(ProjectConfigurationPlatforms) = postSolution
		{67F44C52-AAD4-42CB-AC68-981D3D3742A7}.Debug|Any CPU.ActiveCfg = Debug|Any CPU
		{67F44C52-AAD4-42CB-AC68-981D3D3742A7}.Debug|Any CPU.Build.0 = Debug|Any CPU
		{67F44C52-AAD4-42CB-AC68-981D3D3742A7}.Release|Any CPU.ActiveCfg = Release|Any CPU
		{67F44C52-AAD4-42CB-AC68-981D3D3742A7}.Release|Any CPU.Build.0 = Release|Any CPU
		{F81DDC37-5474-43C2-B3ED-023EA7794435}.Debug|Any CPU.ActiveCfg = Debug|Any CPU
		{F81DDC37-5474-43C2-B3ED-023EA7794435}.Debug|Any CPU.Build.0 = Debug|Any CPU
		{F81DDC37-5474-43C2-B3ED-023EA7794435}.Release|Any CPU.ActiveCfg = Release|Any CPU
		{F81DDC37-5474-43C2-B3ED-023EA7794435}.Release|Any CPU.Build.0 = Release|Any CPU
		{B9A3511C-3521-42D1-B9FF-ED4406A79F36}.Debug|Any CPU.ActiveCfg = Debug|Any CPU
		{B9A3511C-3521-42D1-B9FF-ED4406A79F36}.Debug|Any CPU.Build.0 = Debug|Any CPU
		{B9A3511C-3521-42D1-B9FF-ED4406A79F36}.Release|Any CPU.ActiveCfg = Release|Any CPU
		{B9A3511C-3521-42D1-B9FF-ED4406A79F36}.Release|Any CPU.Build.0 = Release|Any CPU
	EndGlobalSection
	GlobalSection(SolutionProperties) = preSolution
		HideSolutionNode = FALSE
	EndGlobalSection
	GlobalSection(ExtensibilityGlobals) = postSolution
		SolutionGuid = {239E7223-AADA-4534-9615-C2322877609F}
	EndGlobalSection
EndGlobal
